
Microsoft Visual Studio Solution File, Format Version 12.00
# Visual Studio Version 17
VisualStudioVersion = 17.4.33213.308
MinimumVisualStudioVersion = 10.0.40219.1
Project("{FAE04EC0-301F-11D3-BF4B-00C04F79EFBC}") = "ASPProject", "ASPProject.csproj", "{EBDEB636-5C15-43AF-85EF-7D55B0EAD7CF}"
EndProject
Global
	GlobalSection(SolutionConfigurationPlatforms) = preSolution
		Debug|Any CPU = Debug|Any CPU
		Release|Any CPU = Release|Any CPU
	EndGlobalSection
	GlobalSection(ProjectConfigurationPlatforms) = postSolution
		{EBDEB636-5C15-43AF-85EF-7D55B0EAD7CF}.Debug|Any CPU.ActiveCfg = Debug|Any CPU
		{EBDEB636-5C15-43AF-85EF-7D55B0EAD7CF}.Debug|Any CPU.Build.0 = Debug|Any CPU
		{EBDEB636-5C15-43AF-85EF-7D55B0EAD7CF}.Release|Any CPU.ActiveCfg = Release|Any CPU
		{EBDEB636-5C15-43AF-85EF-7D55B0EAD7CF}.Release|Any CPU.Build.0 = Release|Any CPU
	EndGlobalSection
	GlobalSection(SolutionProperties) = preSolution
		HideSolutionNode = FALSE
	EndGlobalSection
	GlobalSection(ExtensibilityGlobals) = postSolution
		SolutionGuid = {E22286B5-AB2A-4C31-8948-4F2C17C47035}
	EndGlobalSection
EndGlobal
